// !$*UTF8*$!
{
	archiveVersion = 1;
	classes = {
	};
	objectVersion = 48;
	objects = {

/* Begin PBXBuildFile section */
		3B415CEB2046737100C06A92 /* RestaurantDetailIconTextCell.swift in Sources */ = {isa = PBXBuildFile; fileRef = 3B415CEA2046737100C06A92 /* RestaurantDetailIconTextCell.swift */; };
		3B415CED2046747900C06A92 /* RestaurantDetailTextCell.swift in Sources */ = {isa = PBXBuildFile; fileRef = 3B415CEC2046747900C06A92 /* RestaurantDetailTextCell.swift */; };
		3B415CF020468B8000C06A92 /* UIColor+Ext.swift in Sources */ = {isa = PBXBuildFile; fileRef = 3B415CEF20468B8000C06A92 /* UIColor+Ext.swift */; };
		3B415CF220468CBC00C06A92 /* UINavigationController+Ext.swift in Sources */ = {isa = PBXBuildFile; fileRef = 3B415CF120468CBC00C06A92 /* UINavigationController+Ext.swift */; };
		3B415CF52047C96300C06A92 /* MapKit.framework in Frameworks */ = {isa = PBXBuildFile; fileRef = 3B415CF42047C96300C06A92 /* MapKit.framework */; };
		3BB644B0202ADDE200661DEC /* AppDelegate.swift in Sources */ = {isa = PBXBuildFile; fileRef = 3BB644AF202ADDE200661DEC /* AppDelegate.swift */; };
		3BB644B5202ADDE200661DEC /* Main.storyboard in Resources */ = {isa = PBXBuildFile; fileRef = 3BB644B3202ADDE200661DEC /* Main.storyboard */; };
		3BB644B7202ADDE200661DEC /* Assets.xcassets in Resources */ = {isa = PBXBuildFile; fileRef = 3BB644B6202ADDE200661DEC /* Assets.xcassets */; };
		3BB644BA202ADDE200661DEC /* LaunchScreen.storyboard in Resources */ = {isa = PBXBuildFile; fileRef = 3BB644B8202ADDE200661DEC /* LaunchScreen.storyboard */; };
		3BB644C2202ADF0500661DEC /* RestaurantTableViewController.swift in Sources */ = {isa = PBXBuildFile; fileRef = 3BB644C1202ADF0500661DEC /* RestaurantTableViewController.swift */; };
		3BB644C4202C2D9B00661DEC /* RestaurantTableViewCell.swift in Sources */ = {isa = PBXBuildFile; fileRef = 3BB644C3202C2D9B00661DEC /* RestaurantTableViewCell.swift */; };
		3BC077522042AB4900A3C1E7 /* RestaurantDetailViewController.swift in Sources */ = {isa = PBXBuildFile; fileRef = 3BC077512042AB4900A3C1E7 /* RestaurantDetailViewController.swift */; };
		3BC077542043EDB500A3C1E7 /* Restaurant.swift in Sources */ = {isa = PBXBuildFile; fileRef = 3BC077532043EDB500A3C1E7 /* Restaurant.swift */; };
		3BC077652043F4E400A3C1E7 /* Rubik-LightItalic.ttf in Resources */ = {isa = PBXBuildFile; fileRef = 3BC0775B2043F4E400A3C1E7 /* Rubik-LightItalic.ttf */; };
		3BC077662043F4E400A3C1E7 /* Rubik-Medium.ttf in Resources */ = {isa = PBXBuildFile; fileRef = 3BC0775C2043F4E400A3C1E7 /* Rubik-Medium.ttf */; };
		3BC077672043F4E400A3C1E7 /* Rubik-Italic.ttf in Resources */ = {isa = PBXBuildFile; fileRef = 3BC0775D2043F4E400A3C1E7 /* Rubik-Italic.ttf */; };
		3BC077682043F4E400A3C1E7 /* Rubik-Light.ttf in Resources */ = {isa = PBXBuildFile; fileRef = 3BC0775E2043F4E400A3C1E7 /* Rubik-Light.ttf */; };
		3BC077692043F4E400A3C1E7 /* Rubik-Black.ttf in Resources */ = {isa = PBXBuildFile; fileRef = 3BC0775F2043F4E400A3C1E7 /* Rubik-Black.ttf */; };
		3BC0776A2043F4E400A3C1E7 /* Rubik-MediumItalic.ttf in Resources */ = {isa = PBXBuildFile; fileRef = 3BC077602043F4E400A3C1E7 /* Rubik-MediumItalic.ttf */; };
		3BC0776B2043F4E400A3C1E7 /* Rubik-Bold.ttf in Resources */ = {isa = PBXBuildFile; fileRef = 3BC077612043F4E400A3C1E7 /* Rubik-Bold.ttf */; };
		3BC0776C2043F4E400A3C1E7 /* Rubik-BlackItalic.ttf in Resources */ = {isa = PBXBuildFile; fileRef = 3BC077622043F4E400A3C1E7 /* Rubik-BlackItalic.ttf */; };
		3BC0776D2043F4E400A3C1E7 /* Rubik-BoldItalic.ttf in Resources */ = {isa = PBXBuildFile; fileRef = 3BC077632043F4E400A3C1E7 /* Rubik-BoldItalic.ttf */; };
		3BC0776E2043F4E400A3C1E7 /* Rubik-Regular.ttf in Resources */ = {isa = PBXBuildFile; fileRef = 3BC077642043F4E400A3C1E7 /* Rubik-Regular.ttf */; };
		3BC077702044063B00A3C1E7 /* RestaurantDetailHeaderView.swift in Sources */ = {isa = PBXBuildFile; fileRef = 3BC0776F2044063B00A3C1E7 /* RestaurantDetailHeaderView.swift */; };
/* End PBXBuildFile section */

/* Begin PBXFileReference section */
		3B415CEA2046737100C06A92 /* RestaurantDetailIconTextCell.swift */ = {isa = PBXFileReference; lastKnownFileType = sourcecode.swift; path = RestaurantDetailIconTextCell.swift; sourceTree = "<group>"; };
		3B415CEC2046747900C06A92 /* RestaurantDetailTextCell.swift */ = {isa = PBXFileReference; lastKnownFileType = sourcecode.swift; path = RestaurantDetailTextCell.swift; sourceTree = "<group>"; };
		3B415CEF20468B8000C06A92 /* UIColor+Ext.swift */ = {isa = PBXFileReference; lastKnownFileType = sourcecode.swift; path = "UIColor+Ext.swift"; sourceTree = "<group>"; };
		3B415CF120468CBC00C06A92 /* UINavigationController+Ext.swift */ = {isa = PBXFileReference; lastKnownFileType = sourcecode.swift; path = "UINavigationController+Ext.swift"; sourceTree = "<group>"; };
		3B415CF42047C96300C06A92 /* MapKit.framework */ = {isa = PBXFileReference; lastKnownFileType = wrapper.framework; name = MapKit.framework; path = System/Library/Frameworks/MapKit.framework; sourceTree = SDKROOT; };
		3BB644AC202ADDE200661DEC /* FoodPin.app */ = {isa = PBXFileReference; explicitFileType = wrapper.application; includeInIndex = 0; path = FoodPin.app; sourceTree = BUILT_PRODUCTS_DIR; };
		3BB644AF202ADDE200661DEC /* AppDelegate.swift */ = {isa = PBXFileReference; lastKnownFileType = sourcecode.swift; path = AppDelegate.swift; sourceTree = "<group>"; };
		3BB644B4202ADDE200661DEC /* Base */ = {isa = PBXFileReference; lastKnownFileType = file.storyboard; name = Base; path = Base.lproj/Main.storyboard; sourceTree = "<group>"; };
		3BB644B6202ADDE200661DEC /* Assets.xcassets */ = {isa = PBXFileReference; lastKnownFileType = folder.assetcatalog; path = Assets.xcassets; sourceTree = "<group>"; };
		3BB644B9202ADDE200661DEC /* Base */ = {isa = PBXFileReference; lastKnownFileType = file.storyboard; name = Base; path = Base.lproj/LaunchScreen.storyboard; sourceTree = "<group>"; };
		3BB644BB202ADDE200661DEC /* Info.plist */ = {isa = PBXFileReference; lastKnownFileType = text.plist.xml; path = Info.plist; sourceTree = "<group>"; };
		3BB644C1202ADF0500661DEC /* RestaurantTableViewController.swift */ = {isa = PBXFileReference; lastKnownFileType = sourcecode.swift; path = RestaurantTableViewController.swift; sourceTree = "<group>"; };
		3BB644C3202C2D9B00661DEC /* RestaurantTableViewCell.swift */ = {isa = PBXFileReference; lastKnownFileType = sourcecode.swift; path = RestaurantTableViewCell.swift; sourceTree = "<group>"; };
		3BC077512042AB4900A3C1E7 /* RestaurantDetailViewController.swift */ = {isa = PBXFileReference; lastKnownFileType = sourcecode.swift; path = RestaurantDetailViewController.swift; sourceTree = "<group>"; };
		3BC077532043EDB500A3C1E7 /* Restaurant.swift */ = {isa = PBXFileReference; lastKnownFileType = sourcecode.swift; path = Restaurant.swift; sourceTree = "<group>"; };
		3BC0775B2043F4E400A3C1E7 /* Rubik-LightItalic.ttf */ = {isa = PBXFileReference; lastKnownFileType = file; name = "Rubik-LightItalic.ttf"; path = "../../../../../../Downloads/Rubik/Rubik-LightItalic.ttf"; sourceTree = "<group>"; };
		3BC0775C2043F4E400A3C1E7 /* Rubik-Medium.ttf */ = {isa = PBXFileReference; lastKnownFileType = file; name = "Rubik-Medium.ttf"; path = "../../../../../../Downloads/Rubik/Rubik-Medium.ttf"; sourceTree = "<group>"; };
		3BC0775D2043F4E400A3C1E7 /* Rubik-Italic.ttf */ = {isa = PBXFileReference; lastKnownFileType = file; name = "Rubik-Italic.ttf"; path = "../../../../../../Downloads/Rubik/Rubik-Italic.ttf"; sourceTree = "<group>"; };
		3BC0775E2043F4E400A3C1E7 /* Rubik-Light.ttf */ = {isa = PBXFileReference; lastKnownFileType = file; name = "Rubik-Light.ttf"; path = "../../../../../../Downloads/Rubik/Rubik-Light.ttf"; sourceTree = "<group>"; };
		3BC0775F2043F4E400A3C1E7 /* Rubik-Black.ttf */ = {isa = PBXFileReference; lastKnownFileType = file; name = "Rubik-Black.ttf"; path = "../../../../../../Downloads/Rubik/Rubik-Black.ttf"; sourceTree = "<group>"; };
		3BC077602043F4E400A3C1E7 /* Rubik-MediumItalic.ttf */ = {isa = PBXFileReference; lastKnownFileType = file; name = "Rubik-MediumItalic.ttf"; path = "../../../../../../Downloads/Rubik/Rubik-MediumItalic.ttf"; sourceTree = "<group>"; };
		3BC077612043F4E400A3C1E7 /* Rubik-Bold.ttf */ = {isa = PBXFileReference; lastKnownFileType = file; name = "Rubik-Bold.ttf"; path = "../../../../../../Downloads/Rubik/Rubik-Bold.ttf"; sourceTree = "<group>"; };
		3BC077622043F4E400A3C1E7 /* Rubik-BlackItalic.ttf */ = {isa = PBXFileReference; lastKnownFileType = file; name = "Rubik-BlackItalic.ttf"; path = "../../../../../../Downloads/Rubik/Rubik-BlackItalic.ttf"; sourceTree = "<group>"; };
		3BC077632043F4E400A3C1E7 /* Rubik-BoldItalic.ttf */ = {isa = PBXFileReference; lastKnownFileType = file; name = "Rubik-BoldItalic.ttf"; path = "../../../../../../Downloads/Rubik/Rubik-BoldItalic.ttf"; sourceTree = "<group>"; };
		3BC077642043F4E400A3C1E7 /* Rubik-Regular.ttf */ = {isa = PBXFileReference; lastKnownFileType = file; name = "Rubik-Regular.ttf"; path = "../../../../../../Downloads/Rubik/Rubik-Regular.ttf"; sourceTree = "<group>"; };
		3BC0776F2044063B00A3C1E7 /* RestaurantDetailHeaderView.swift */ = {isa = PBXFileReference; lastKnownFileType = sourcecode.swift; name = RestaurantDetailHeaderView.swift; path = FoodPin/View/RestaurantDetailHeaderView.swift; sourceTree = SOURCE_ROOT; };
/* End PBXFileReference section */

/* Begin PBXFrameworksBuildPhase section */
		3BB644A9202ADDE200661DEC /* Frameworks */ = {
			isa = PBXFrameworksBuildPhase;
			buildActionMask = 2147483647;
			files = (
				3B415CF52047C96300C06A92 /* MapKit.framework in Frameworks */,
			);
			runOnlyForDeploymentPostprocessing = 0;
		};
/* End PBXFrameworksBuildPhase section */

/* Begin PBXGroup section */
		3B415CEE20468B6100C06A92 /* Extensions */ = {
			isa = PBXGroup;
			children = (
				3B415CEF20468B8000C06A92 /* UIColor+Ext.swift */,
				3B415CF120468CBC00C06A92 /* UINavigationController+Ext.swift */,
			);
			path = Extensions;
			sourceTree = "<group>";
		};
		3B415CF32047C96300C06A92 /* Frameworks */ = {
			isa = PBXGroup;
			children = (
				3B415CF42047C96300C06A92 /* MapKit.framework */,
			);
			name = Frameworks;
			sourceTree = "<group>";
		};
		3BB644A3202ADDE200661DEC = {
			isa = PBXGroup;
			children = (
				3BB644AE202ADDE200661DEC /* FoodPin */,
				3BB644AD202ADDE200661DEC /* Products */,
				3B415CF32047C96300C06A92 /* Frameworks */,
			);
			sourceTree = "<group>";
		};
		3BB644AD202ADDE200661DEC /* Products */ = {
			isa = PBXGroup;
			children = (
				3BB644AC202ADDE200661DEC /* FoodPin.app */,
			);
			name = Products;
			sourceTree = "<group>";
		};
		3BB644AE202ADDE200661DEC /* FoodPin */ = {
			isa = PBXGroup;
			children = (
				3B415CEE20468B6100C06A92 /* Extensions */,
				3BC077592043F4AB00A3C1E7 /* Resources */,
				3BC077582043F22900A3C1E7 /* StoryBoard */,
				3BC077572043F20900A3C1E7 /* View */,
				3BC077562043F1F700A3C1E7 /* Model */,
				3BC077552043F1AE00A3C1E7 /* Contorller */,
				3BB644AF202ADDE200661DEC /* AppDelegate.swift */,
				3BB644B6202ADDE200661DEC /* Assets.xcassets */,
				3BB644BB202ADDE200661DEC /* Info.plist */,
			);
			path = FoodPin;
			sourceTree = "<group>";
		};
		3BC077552043F1AE00A3C1E7 /* Contorller */ = {
			isa = PBXGroup;
			children = (
				3BC077512042AB4900A3C1E7 /* RestaurantDetailViewController.swift */,
				3BB644C1202ADF0500661DEC /* RestaurantTableViewController.swift */,
			);
			path = Contorller;
			sourceTree = "<group>";
		};
		3BC077562043F1F700A3C1E7 /* Model */ = {
			isa = PBXGroup;
			children = (
				3BC077532043EDB500A3C1E7 /* Restaurant.swift */,
			);
			path = Model;
			sourceTree = "<group>";
		};
		3BC077572043F20900A3C1E7 /* View */ = {
			isa = PBXGroup;
			children = (
				3BC0776F2044063B00A3C1E7 /* RestaurantDetailHeaderView.swift */,
				3BB644C3202C2D9B00661DEC /* RestaurantTableViewCell.swift */,
				3B415CEA2046737100C06A92 /* RestaurantDetailIconTextCell.swift */,
				3B415CEC2046747900C06A92 /* RestaurantDetailTextCell.swift */,
			);
			path = View;
			sourceTree = "<group>";
		};
		3BC077582043F22900A3C1E7 /* StoryBoard */ = {
			isa = PBXGroup;
			children = (
				3BB644B3202ADDE200661DEC /* Main.storyboard */,
				3BB644B8202ADDE200661DEC /* LaunchScreen.storyboard */,
			);
			path = StoryBoard;
			sourceTree = "<group>";
		};
		3BC077592043F4AB00A3C1E7 /* Resources */ = {
			isa = PBXGroup;
			children = (
				3BC0775A2043F4D200A3C1E7 /* font */,
			);
			path = Resources;
			sourceTree = "<group>";
		};
		3BC0775A2043F4D200A3C1E7 /* font */ = {
			isa = PBXGroup;
			children = (
				3BC0775F2043F4E400A3C1E7 /* Rubik-Black.ttf */,
				3BC077622043F4E400A3C1E7 /* Rubik-BlackItalic.ttf */,
				3BC077612043F4E400A3C1E7 /* Rubik-Bold.ttf */,
				3BC077632043F4E400A3C1E7 /* Rubik-BoldItalic.ttf */,
				3BC0775D2043F4E400A3C1E7 /* Rubik-Italic.ttf */,
				3BC0775E2043F4E400A3C1E7 /* Rubik-Light.ttf */,
				3BC0775B2043F4E400A3C1E7 /* Rubik-LightItalic.ttf */,
				3BC0775C2043F4E400A3C1E7 /* Rubik-Medium.ttf */,
				3BC077602043F4E400A3C1E7 /* Rubik-MediumItalic.ttf */,
				3BC077642043F4E400A3C1E7 /* Rubik-Regular.ttf */,
			);
			path = font;
			sourceTree = "<group>";
		};
/* End PBXGroup section */

/* Begin PBXNativeTarget section */
		3BB644AB202ADDE200661DEC /* FoodPin */ = {
			isa = PBXNativeTarget;
			buildConfigurationList = 3BB644BE202ADDE200661DEC /* Build configuration list for PBXNativeTarget "FoodPin" */;
			buildPhases = (
				3BB644A8202ADDE200661DEC /* Sources */,
				3BB644A9202ADDE200661DEC /* Frameworks */,
				3BB644AA202ADDE200661DEC /* Resources */,
			);
			buildRules = (
			);
			dependencies = (
			);
			name = FoodPin;
			productName = FoodPin;
			productReference = 3BB644AC202ADDE200661DEC /* FoodPin.app */;
			productType = "com.apple.product-type.application";
		};
/* End PBXNativeTarget section */

/* Begin PBXProject section */
		3BB644A4202ADDE200661DEC /* Project object */ = {
			isa = PBXProject;
			attributes = {
				LastSwiftUpdateCheck = 0920;
				LastUpgradeCheck = 0920;
				ORGANIZATIONNAME = AndyShi;
				TargetAttributes = {
					3BB644AB202ADDE200661DEC = {
						CreatedOnToolsVersion = 9.2;
						ProvisioningStyle = Automatic;
						SystemCapabilities = {
							com.apple.Maps.iOS = {
								enabled = 1;
							};
						};
					};
				};
			};
			buildConfigurationList = 3BB644A7202ADDE200661DEC /* Build configuration list for PBXProject "FoodPin" */;
			compatibilityVersion = "Xcode 8.0";
			developmentRegion = en;
			hasScannedForEncodings = 0;
			knownRegions = (
				en,
				Base,
			);
			mainGroup = 3BB644A3202ADDE200661DEC;
			productRefGroup = 3BB644AD202ADDE200661DEC /* Products */;
			projectDirPath = "";
			projectRoot = "";
			targets = (
				3BB644AB202ADDE200661DEC /* FoodPin */,
			);
		};
/* End PBXProject section */

/* Begin PBXResourcesBuildPhase section */
		3BB644AA202ADDE200661DEC /* Resources */ = {
			isa = PBXResourcesBuildPhase;
			buildActionMask = 2147483647;
			files = (
				3BB644BA202ADDE200661DEC /* LaunchScreen.storyboard in Resources */,
				3BC0776D2043F4E400A3C1E7 /* Rubik-BoldItalic.ttf in Resources */,
				3BC0776A2043F4E400A3C1E7 /* Rubik-MediumItalic.ttf in Resources */,
				3BC077652043F4E400A3C1E7 /* Rubik-LightItalic.ttf in Resources */,
				3BC077692043F4E400A3C1E7 /* Rubik-Black.ttf in Resources */,
				3BC077672043F4E400A3C1E7 /* Rubik-Italic.ttf in Resources */,
				3BC0776C2043F4E400A3C1E7 /* Rubik-BlackItalic.ttf in Resources */,
				3BB644B7202ADDE200661DEC /* Assets.xcassets in Resources */,
				3BB644B5202ADDE200661DEC /* Main.storyboard in Resources */,
				3BC077682043F4E400A3C1E7 /* Rubik-Light.ttf in Resources */,
				3BC0776E2043F4E400A3C1E7 /* Rubik-Regular.ttf in Resources */,
				3BC077662043F4E400A3C1E7 /* Rubik-Medium.ttf in Resources */,
				3BC0776B2043F4E400A3C1E7 /* Rubik-Bold.ttf in Resources */,
			);
			runOnlyForDeploymentPostprocessing = 0;
		};
/* End PBXResourcesBuildPhase section */

/* Begin PBXSourcesBuildPhase section */
		3BB644A8202ADDE200661DEC /* Sources */ = {
			isa = PBXSourcesBuildPhase;
			buildActionMask = 2147483647;
			files = (
				3BC077702044063B00A3C1E7 /* RestaurantDetailHeaderView.swift in Sources */,
				3BC077542043EDB500A3C1E7 /* Restaurant.swift in Sources */,
				3B415CED2046747900C06A92 /* RestaurantDetailTextCell.swift in Sources */,
				3BB644C2202ADF0500661DEC /* RestaurantTableViewController.swift in Sources */,
				3BB644C4202C2D9B00661DEC /* RestaurantTableViewCell.swift in Sources */,
				3B415CEB2046737100C06A92 /* RestaurantDetailIconTextCell.swift in Sources */,
				3B415CF220468CBC00C06A92 /* UINavigationController+Ext.swift in Sources */,
				3B415CF020468B8000C06A92 /* UIColor+Ext.swift in Sources */,
				3BC077522042AB4900A3C1E7 /* RestaurantDetailViewController.swift in Sources */,
				3BB644B0202ADDE200661DEC /* AppDelegate.swift in Sources */,
			);
			runOnlyForDeploymentPostprocessing = 0;
		};
/* End PBXSourcesBuildPhase section */

/* Begin PBXVariantGroup section */
		3BB644B3202ADDE200661DEC /* Main.storyboard */ = {
			isa = PBXVariantGroup;
			children = (
				3BB644B4202ADDE200661DEC /* Base */,
			);
			name = Main.storyboard;
			sourceTree = "<group>";
		};
		3BB644B8202ADDE200661DEC /* LaunchScreen.storyboard */ = {
			isa = PBXVariantGroup;
			children = (
				3BB644B9202ADDE200661DEC /* Base */,
			);
			name = LaunchScreen.storyboard;
			sourceTree = "<group>";
		};
/* End PBXVariantGroup section */

/* Begin XCBuildConfiguration section */
		3BB644BC202ADDE200661DEC /* Debug */ = {
			isa = XCBuildConfiguration;
			buildSettings = {
				ALWAYS_SEARCH_USER_PATHS = NO;
				CLANG_ANALYZER_NONNULL = YES;
				CLANG_ANALYZER_NUMBER_OBJECT_CONVERSION = YES_AGGRESSIVE;
				CLANG_CXX_LANGUAGE_STANDARD = "gnu++14";
				CLANG_CXX_LIBRARY = "libc++";
				CLANG_ENABLE_MODULES = YES;
				CLANG_ENABLE_OBJC_ARC = YES;
				CLANG_WARN_BLOCK_CAPTURE_AUTORELEASING = YES;
				CLANG_WARN_BOOL_CONVERSION = YES;
				CLANG_WARN_COMMA = YES;
				CLANG_WARN_CONSTANT_CONVERSION = YES;
				CLANG_WARN_DIRECT_OBJC_ISA_USAGE = YES_ERROR;
				CLANG_WARN_DOCUMENTATION_COMMENTS = YES;
				CLANG_WARN_EMPTY_BODY = YES;
				CLANG_WARN_ENUM_CONVERSION = YES;
				CLANG_WARN_INFINITE_RECURSION = YES;
				CLANG_WARN_INT_CONVERSION = YES;
				CLANG_WARN_NON_LITERAL_NULL_CONVERSION = YES;
				CLANG_WARN_OBJC_LITERAL_CONVERSION = YES;
				CLANG_WARN_OBJC_ROOT_CLASS = YES_ERROR;
				CLANG_WARN_RANGE_LOOP_ANALYSIS = YES;
				CLANG_WARN_STRICT_PROTOTYPES = YES;
				CLANG_WARN_SUSPICIOUS_MOVE = YES;
				CLANG_WARN_UNGUARDED_AVAILABILITY = YES_AGGRESSIVE;
				CLANG_WARN_UNREACHABLE_CODE = YES;
				CLANG_WARN__DUPLICATE_METHOD_MATCH = YES;
				CODE_SIGN_IDENTITY = "iPhone Developer";
				COPY_PHASE_STRIP = NO;
				DEBUG_INFORMATION_FORMAT = dwarf;
				ENABLE_STRICT_OBJC_MSGSEND = YES;
				ENABLE_TESTABILITY = YES;
				GCC_C_LANGUAGE_STANDARD = gnu11;
				GCC_DYNAMIC_NO_PIC = NO;
				GCC_NO_COMMON_BLOCKS = YES;
				GCC_OPTIMIZATION_LEVEL = 0;
				GCC_PREPROCESSOR_DEFINITIONS = (
					"DEBUG=1",
					"$(inherited)",
				);
				GCC_WARN_64_TO_32_BIT_CONVERSION = YES;
				GCC_WARN_ABOUT_RETURN_TYPE = YES_ERROR;
				GCC_WARN_UNDECLARED_SELECTOR = YES;
				GCC_WARN_UNINITIALIZED_AUTOS = YES_AGGRESSIVE;
				GCC_WARN_UNUSED_FUNCTION = YES;
				GCC_WARN_UNUSED_VARIABLE = YES;
				IPHONEOS_DEPLOYMENT_TARGET = 11.2;
				MTL_ENABLE_DEBUG_INFO = YES;
				ONLY_ACTIVE_ARCH = YES;
				SDKROOT = iphoneos;
				SWIFT_ACTIVE_COMPILATION_CONDITIONS = DEBUG;
				SWIFT_OPTIMIZATION_LEVEL = "-Onone";
			};
			name = Debug;
		};
		3BB644BD202ADDE200661DEC /* Release */ = {
			isa = XCBuildConfiguration;
			buildSettings = {
				ALWAYS_SEARCH_USER_PATHS = NO;
				CLANG_ANALYZER_NONNULL = YES;
				CLANG_ANALYZER_NUMBER_OBJECT_CONVERSION = YES_AGGRESSIVE;
				CLANG_CXX_LANGUAGE_STANDARD = "gnu++14";
				CLANG_CXX_LIBRARY = "libc++";
				CLANG_ENABLE_MODULES = YES;
				CLANG_ENABLE_OBJC_ARC = YES;
				CLANG_WARN_BLOCK_CAPTURE_AUTORELEASING = YES;
				CLANG_WARN_BOOL_CONVERSION = YES;
				CLANG_WARN_COMMA = YES;
				CLANG_WARN_CONSTANT_CONVERSION = YES;
				CLANG_WARN_DIRECT_OBJC_ISA_USAGE = YES_ERROR;
				CLANG_WARN_DOCUMENTATION_COMMENTS = YES;
				CLANG_WARN_EMPTY_BODY = YES;
				CLANG_WARN_ENUM_CONVERSION = YES;
				CLANG_WARN_INFINITE_RECURSION = YES;
				CLANG_WARN_INT_CONVERSION = YES;
				CLANG_WARN_NON_LITERAL_NULL_CONVERSION = YES;
				CLANG_WARN_OBJC_LITERAL_CONVERSION = YES;
				CLANG_WARN_OBJC_ROOT_CLASS = YES_ERROR;
				CLANG_WARN_RANGE_LOOP_ANALYSIS = YES;
				CLANG_WARN_STRICT_PROTOTYPES = YES;
				CLANG_WARN_SUSPICIOUS_MOVE = YES;
				CLANG_WARN_UNGUARDED_AVAILABILITY = YES_AGGRESSIVE;
				CLANG_WARN_UNREACHABLE_CODE = YES;
				CLANG_WARN__DUPLICATE_METHOD_MATCH = YES;
				CODE_SIGN_IDENTITY = "iPhone Developer";
				COPY_PHASE_STRIP = NO;
				DEBUG_INFORMATION_FORMAT = "dwarf-with-dsym";
				ENABLE_NS_ASSERTIONS = NO;
				ENABLE_STRICT_OBJC_MSGSEND = YES;
				GCC_C_LANGUAGE_STANDARD = gnu11;
				GCC_NO_COMMON_BLOCKS = YES;
				GCC_WARN_64_TO_32_BIT_CONVERSION = YES;
				GCC_WARN_ABOUT_RETURN_TYPE = YES_ERROR;
				GCC_WARN_UNDECLARED_SELECTOR = YES;
				GCC_WARN_UNINITIALIZED_AUTOS = YES_AGGRESSIVE;
				GCC_WARN_UNUSED_FUNCTION = YES;
				GCC_WARN_UNUSED_VARIABLE = YES;
				IPHONEOS_DEPLOYMENT_TARGET = 11.2;
				MTL_ENABLE_DEBUG_INFO = NO;
				SDKROOT = iphoneos;
				SWIFT_OPTIMIZATION_LEVEL = "-Owholemodule";
				VALIDATE_PRODUCT = YES;
			};
			name = Release;
		};
		3BB644BF202ADDE200661DEC /* Debug */ = {
			isa = XCBuildConfiguration;
			buildSettings = {
				ASSETCATALOG_COMPILER_APPICON_NAME = AppIcon;
				CODE_SIGN_STYLE = Automatic;
				DEVELOPMENT_TEAM = VTNKSB46E8;
				INFOPLIST_FILE = FoodPin/Info.plist;
				LD_RUNPATH_SEARCH_PATHS = "$(inherited) @executable_path/Frameworks";
				PRODUCT_BUNDLE_IDENTIFIER = com.andyshi.FoodPin;
				PRODUCT_NAME = "$(TARGET_NAME)";
				SWIFT_VERSION = 4.0;
				TARGETED_DEVICE_FAMILY = "1,2";
			};
			name = Debug;
		};
		3BB644C0202ADDE200661DEC /* Release */ = {
			isa = XCBuildConfiguration;
			buildSettings = {
				ASSETCATALOG_COMPILER_APPICON_NAME = AppIcon;
				CODE_SIGN_STYLE = Automatic;
				DEVELOPMENT_TEAM = VTNKSB46E8;
				INFOPLIST_FILE = FoodPin/Info.plist;
				LD_RUNPATH_SEARCH_PATHS = "$(inherited) @executable_path/Frameworks";
				PRODUCT_BUNDLE_IDENTIFIER = com.andyshi.FoodPin;
				PRODUCT_NAME = "$(TARGET_NAME)";
				SWIFT_VERSION = 4.0;
				TARGETED_DEVICE_FAMILY = "1,2";
			};
			name = Release;
		};
/* End XCBuildConfiguration section */

/* Begin XCConfigurationList section */
		3BB644A7202ADDE200661DEC /* Build configuration list for PBXProject "FoodPin" */ = {
			isa = XCConfigurationList;
			buildConfigurations = (
				3BB644BC202ADDE200661DEC /* Debug */,
				3BB644BD202ADDE200661DEC /* Release */,
			);
			defaultConfigurationIsVisible = 0;
			defaultConfigurationName = Release;
		};
		3BB644BE202ADDE200661DEC /* Build configuration list for PBXNativeTarget "FoodPin" */ = {
			isa = XCConfigurationList;
			buildConfigurations = (
				3BB644BF202ADDE200661DEC /* Debug */,
				3BB644C0202ADDE200661DEC /* Release */,
			);
			defaultConfigurationIsVisible = 0;
			defaultConfigurationName = Release;
		};
/* End XCConfigurationList section */
	};
	rootObject = 3BB644A4202ADDE200661DEC /* Project object */;
}
